schema: '2.0'
stages:
  data_preparation:
    cmd: python src/stage_01_prepare_data.py
    deps:
    - path: data/data.xml
      hash: md5
      md5: a304afb96060aad90176268345e10355
      size: 37891850
    - path: src/stage_01_prepare_data.py
      hash: md5
      md5: 8b4230d9049c4b160e96eb2894ef30aa
      size: 2275
    - path: src/utils
      hash: md5
      md5: cc70f77c58a2b29fa16a80be54e09eb9.dir
      size: 5753
      nfiles: 6
    outs:
    - path: artifacts/prepared
      hash: md5
      md5: b979a63dc29c7b555387c39ffbb78e25.dir
      size: 23886351
      nfiles: 2
  featurization:
    cmd: python src/stage_02_featurization.py
    deps:
    - path: artifacts/prepared
      hash: md5
      md5: b979a63dc29c7b555387c39ffbb78e25.dir
      size: 23886351
      nfiles: 2
    - path: src/stage_02_featurization.py
      hash: md5
      md5: 741e12c8ff31447a78298b2b820448a9
      size: 3155
    - path: src/utils
      hash: md5
      md5: cc70f77c58a2b29fa16a80be54e09eb9.dir
      size: 5753
      nfiles: 6
    outs:
    - path: artifacts/features
      hash: md5
      md5: a563ea56a4687403e2709810a4e810d9.dir
      size: 12272600
      nfiles: 2
  train:
    cmd: python src/stage_03_train.py
    deps:
    - path: artifacts/features
      hash: md5
      md5: a563ea56a4687403e2709810a4e810d9.dir
      size: 12272600
      nfiles: 2
    - path: src/stage_03_train.py
      hash: md5
      md5: 4e5fdbddaf9036a51d53aa42e94a2977
      size: 2453
    - path: src/utils
      hash: md5
      md5: cc70f77c58a2b29fa16a80be54e09eb9.dir
      size: 5753
      nfiles: 6
    outs:
    - path: artifacts/model/model.pkl
      hash: md5
      md5: 4ceffb7733714df4a57ebcfc7f56a618
      size: 169577
