schema: '2.0'
stages:
  data_preparation:
    cmd: python src/stage_01_prepare_data.py
    deps:
    - path: data/data.xml
      hash: md5
      md5: a304afb96060aad90176268345e10355
      size: 37891850
    - path: src/stage_01_prepare_data.py
      hash: md5
      md5: 8b4230d9049c4b160e96eb2894ef30aa
      size: 2275
    - path: src/utils
      hash: md5
      md5: 96d27b37917e8f1fa60a49cbdf282620.dir
      size: 5721
      nfiles: 6
    outs:
    - path: artifacts/prepared
      hash: md5
      md5: b979a63dc29c7b555387c39ffbb78e25.dir
      size: 23886351
      nfiles: 2
  featurization:
    cmd: python src/stage_02_featurization.py
    deps:
    - path: artifacts/prepared
      hash: md5
      md5: b979a63dc29c7b555387c39ffbb78e25.dir
      size: 23886351
      nfiles: 2
    - path: src/stage_02_featurization.py
      hash: md5
      md5: 24081c3961e6c74990aa7f5e020d4c50
      size: 3149
    - path: src/utils
      hash: md5
      md5: 96d27b37917e8f1fa60a49cbdf282620.dir
      size: 5721
      nfiles: 6
    outs:
    - path: artifacts/features
      hash: md5
      md5: d8eb054914abf5a53ce0eb2eb80fd3b2.dir
      size: 16229736
      nfiles: 2
